
Microsoft Visual Studio Solution File, Format Version 12.00
# Visual Studio Version 16
VisualStudioVersion = 16.0.29911.84
MinimumVisualStudioVersion = 10.0.40219.1
Project("{FAE04EC0-301F-11D3-BF4B-00C04F79EFBC}") = "Faro", "Faro\Faro.csproj", "{8D8E4212-A977-4483-AE70-5801F6CE6BC3}"
EndProject
Global
	GlobalSection(SolutionConfigurationPlatforms) = preSolution
		Debug|Any CPU = Debug|Any CPU
		Release|Any CPU = Release|Any CPU
	EndGlobalSection
	GlobalSection(ProjectConfigurationPlatforms) = postSolution
		{8D8E4212-A977-4483-AE70-5801F6CE6BC3}.Debug|Any CPU.ActiveCfg = Debug|Any CPU
		{8D8E4212-A977-4483-AE70-5801F6CE6BC3}.Debug|Any CPU.Build.0 = Debug|Any CPU
		{8D8E4212-A977-4483-AE70-5801F6CE6BC3}.Release|Any CPU.ActiveCfg = Release|Any CPU
		{8D8E4212-A977-4483-AE70-5801F6CE6BC3}.Release|Any CPU.Build.0 = Release|Any CPU
	EndGlobalSection
	GlobalSection(SolutionProperties) = preSolution
		HideSolutionNode = FALSE
	EndGlobalSection
	GlobalSection(ExtensibilityGlobals) = postSolution
		SolutionGuid = {7E17E7AA-7F2A-48F4-B5EE-6EF77A2E178B}
	EndGlobalSection
EndGlobal
